
Microsoft Visual Studio Solution File, Format Version 12.00
# Visual Studio Version 17
VisualStudioVersion = 17.2.32519.379
MinimumVisualStudioVersion = 10.0.40219.1
Project("{FAE04EC0-301F-11D3-BF4B-00C04F79EFBC}") = "Handlingexceptions", "Handlingexceptions\Handlingexceptions.csproj", "{4011D62A-D1CF-4386-A7C9-C86E156384FF}"
EndProject
Global
	GlobalSection(SolutionConfigurationPlatforms) = preSolution
		Debug|Any CPU = Debug|Any CPU
		Release|Any CPU = Release|Any CPU
	EndGlobalSection
	GlobalSection(ProjectConfigurationPlatforms) = postSolution
		{4011D62A-D1CF-4386-A7C9-C86E156384FF}.Debug|Any CPU.ActiveCfg = Debug|Any CPU
		{4011D62A-D1CF-4386-A7C9-C86E156384FF}.Debug|Any CPU.Build.0 = Debug|Any CPU
		{4011D62A-D1CF-4386-A7C9-C86E156384FF}.Release|Any CPU.ActiveCfg = Release|Any CPU
		{4011D62A-D1CF-4386-A7C9-C86E156384FF}.Release|Any CPU.Build.0 = Release|Any CPU
	EndGlobalSection
	GlobalSection(SolutionProperties) = preSolution
		HideSolutionNode = FALSE
	EndGlobalSection
	GlobalSection(ExtensibilityGlobals) = postSolution
		SolutionGuid = {7BC3408C-6FAF-459B-AA40-C76154EA9D9C}
	EndGlobalSection
EndGlobal
