
Microsoft Visual Studio Solution File, Format Version 12.00
# Visual Studio Version 17
VisualStudioVersion = 17.2.32519.379
MinimumVisualStudioVersion = 10.0.40219.1
Project("{FAE04EC0-301F-11D3-BF4B-00C04F79EFBC}") = "Quiz Project 2", "Quiz Project 2\Quiz Project 2.csproj", "{3DE9B97D-B478-4174-97C7-EAD8E5812DBB}"
EndProject
Global
	GlobalSection(SolutionConfigurationPlatforms) = preSolution
		Debug|Any CPU = Debug|Any CPU
		Release|Any CPU = Release|Any CPU
	EndGlobalSection
	GlobalSection(ProjectConfigurationPlatforms) = postSolution
		{3DE9B97D-B478-4174-97C7-EAD8E5812DBB}.Debug|Any CPU.ActiveCfg = Debug|Any CPU
		{3DE9B97D-B478-4174-97C7-EAD8E5812DBB}.Debug|Any CPU.Build.0 = Debug|Any CPU
		{3DE9B97D-B478-4174-97C7-EAD8E5812DBB}.Release|Any CPU.ActiveCfg = Release|Any CPU
		{3DE9B97D-B478-4174-97C7-EAD8E5812DBB}.Release|Any CPU.Build.0 = Release|Any CPU
	EndGlobalSection
	GlobalSection(SolutionProperties) = preSolution
		HideSolutionNode = FALSE
	EndGlobalSection
	GlobalSection(ExtensibilityGlobals) = postSolution
		SolutionGuid = {2D353CA8-38FF-4A8F-8C2F-7DC54CA5463B}
	EndGlobalSection
EndGlobal
