
Microsoft Visual Studio Solution File, Format Version 12.00
# Visual Studio Version 17
VisualStudioVersion = 17.2.32519.379
MinimumVisualStudioVersion = 10.0.40219.1
Project("{FAE04EC0-301F-11D3-BF4B-00C04F79EFBC}") = "Fieldsandproperties", "Fieldsandproperties\Fieldsandproperties.csproj", "{E8099BF5-6DE8-45B7-BC8E-CC4F38054006}"
EndProject
Global
	GlobalSection(SolutionConfigurationPlatforms) = preSolution
		Debug|Any CPU = Debug|Any CPU
		Release|Any CPU = Release|Any CPU
	EndGlobalSection
	GlobalSection(ProjectConfigurationPlatforms) = postSolution
		{E8099BF5-6DE8-45B7-BC8E-CC4F38054006}.Debug|Any CPU.ActiveCfg = Debug|Any CPU
		{E8099BF5-6DE8-45B7-BC8E-CC4F38054006}.Debug|Any CPU.Build.0 = Debug|Any CPU
		{E8099BF5-6DE8-45B7-BC8E-CC4F38054006}.Release|Any CPU.ActiveCfg = Release|Any CPU
		{E8099BF5-6DE8-45B7-BC8E-CC4F38054006}.Release|Any CPU.Build.0 = Release|Any CPU
	EndGlobalSection
	GlobalSection(SolutionProperties) = preSolution
		HideSolutionNode = FALSE
	EndGlobalSection
	GlobalSection(ExtensibilityGlobals) = postSolution
		SolutionGuid = {C2A43FBA-D918-45AE-80B2-75935A48AB6E}
	EndGlobalSection
EndGlobal
