
Microsoft Visual Studio Solution File, Format Version 12.00
# Visual Studio Version 17
VisualStudioVersion = 17.2.32519.379
MinimumVisualStudioVersion = 10.0.40219.1
Project("{FAE04EC0-301F-11D3-BF4B-00C04F79EFBC}") = "SA", "SA\SA.csproj", "{D0BDD94D-F4F3-4A90-8DBB-8580239A1799}"
EndProject
Global
	GlobalSection(SolutionConfigurationPlatforms) = preSolution
		Debug|Any CPU = Debug|Any CPU
		Release|Any CPU = Release|Any CPU
	EndGlobalSection
	GlobalSection(ProjectConfigurationPlatforms) = postSolution
		{D0BDD94D-F4F3-4A90-8DBB-8580239A1799}.Debug|Any CPU.ActiveCfg = Debug|Any CPU
		{D0BDD94D-F4F3-4A90-8DBB-8580239A1799}.Debug|Any CPU.Build.0 = Debug|Any CPU
		{D0BDD94D-F4F3-4A90-8DBB-8580239A1799}.Release|Any CPU.ActiveCfg = Release|Any CPU
		{D0BDD94D-F4F3-4A90-8DBB-8580239A1799}.Release|Any CPU.Build.0 = Release|Any CPU
	EndGlobalSection
	GlobalSection(SolutionProperties) = preSolution
		HideSolutionNode = FALSE
	EndGlobalSection
	GlobalSection(ExtensibilityGlobals) = postSolution
		SolutionGuid = {154354BD-589E-4940-B96C-01D2C22E2EE1}
	EndGlobalSection
EndGlobal
