
Microsoft Visual Studio Solution File, Format Version 12.00
# Visual Studio Version 17
VisualStudioVersion = 17.2.32519.379
MinimumVisualStudioVersion = 10.0.40219.1
Project("{FAE04EC0-301F-11D3-BF4B-00C04F79EFBC}") = "easter", "easter\easter.csproj", "{484A6F6A-0013-49D2-813F-F36B2F569E65}"
EndProject
Global
	GlobalSection(SolutionConfigurationPlatforms) = preSolution
		Debug|Any CPU = Debug|Any CPU
		Release|Any CPU = Release|Any CPU
	EndGlobalSection
	GlobalSection(ProjectConfigurationPlatforms) = postSolution
		{484A6F6A-0013-49D2-813F-F36B2F569E65}.Debug|Any CPU.ActiveCfg = Debug|Any CPU
		{484A6F6A-0013-49D2-813F-F36B2F569E65}.Debug|Any CPU.Build.0 = Debug|Any CPU
		{484A6F6A-0013-49D2-813F-F36B2F569E65}.Release|Any CPU.ActiveCfg = Release|Any CPU
		{484A6F6A-0013-49D2-813F-F36B2F569E65}.Release|Any CPU.Build.0 = Release|Any CPU
	EndGlobalSection
	GlobalSection(SolutionProperties) = preSolution
		HideSolutionNode = FALSE
	EndGlobalSection
	GlobalSection(ExtensibilityGlobals) = postSolution
		SolutionGuid = {4B480B78-4578-4FEE-925A-0553AAC56C81}
	EndGlobalSection
EndGlobal
