
Microsoft Visual Studio Solution File, Format Version 12.00
# Visual Studio Version 17
VisualStudioVersion = 17.2.32519.379
MinimumVisualStudioVersion = 10.0.40219.1
Project("{FAE04EC0-301F-11D3-BF4B-00C04F79EFBC}") = "scramledgame2", "scramledgame2\scramledgame2.csproj", "{F249ADDC-BEA1-4021-9C06-6CC4E7C209D1}"
EndProject
Global
	GlobalSection(SolutionConfigurationPlatforms) = preSolution
		Debug|Any CPU = Debug|Any CPU
		Release|Any CPU = Release|Any CPU
	EndGlobalSection
	GlobalSection(ProjectConfigurationPlatforms) = postSolution
		{F249ADDC-BEA1-4021-9C06-6CC4E7C209D1}.Debug|Any CPU.ActiveCfg = Debug|Any CPU
		{F249ADDC-BEA1-4021-9C06-6CC4E7C209D1}.Debug|Any CPU.Build.0 = Debug|Any CPU
		{F249ADDC-BEA1-4021-9C06-6CC4E7C209D1}.Release|Any CPU.ActiveCfg = Release|Any CPU
		{F249ADDC-BEA1-4021-9C06-6CC4E7C209D1}.Release|Any CPU.Build.0 = Release|Any CPU
	EndGlobalSection
	GlobalSection(SolutionProperties) = preSolution
		HideSolutionNode = FALSE
	EndGlobalSection
	GlobalSection(ExtensibilityGlobals) = postSolution
		SolutionGuid = {B92B70F0-F7BF-4429-A923-6A5057866F73}
	EndGlobalSection
EndGlobal
