
Microsoft Visual Studio Solution File, Format Version 12.00
# Visual Studio Version 17
VisualStudioVersion = 17.2.32519.379
MinimumVisualStudioVersion = 10.0.40219.1
Project("{FAE04EC0-301F-11D3-BF4B-00C04F79EFBC}") = "SimCardApp", "SimCardApp\SimCardApp.csproj", "{8D9B925F-5004-454B-8FBC-652CFF85C994}"
EndProject
Project("{FAE04EC0-301F-11D3-BF4B-00C04F79EFBC}") = "UnitTestProject1", "UnitTestProject1\UnitTestProject1.csproj", "{3CB2B559-8736-432B-A4D3-EB92E2A5DA28}"
EndProject
Global
	GlobalSection(SolutionConfigurationPlatforms) = preSolution
		Debug|Any CPU = Debug|Any CPU
		Release|Any CPU = Release|Any CPU
	EndGlobalSection
	GlobalSection(ProjectConfigurationPlatforms) = postSolution
		{8D9B925F-5004-454B-8FBC-652CFF85C994}.Debug|Any CPU.ActiveCfg = Debug|Any CPU
		{8D9B925F-5004-454B-8FBC-652CFF85C994}.Debug|Any CPU.Build.0 = Debug|Any CPU
		{8D9B925F-5004-454B-8FBC-652CFF85C994}.Release|Any CPU.ActiveCfg = Release|Any CPU
		{8D9B925F-5004-454B-8FBC-652CFF85C994}.Release|Any CPU.Build.0 = Release|Any CPU
		{3CB2B559-8736-432B-A4D3-EB92E2A5DA28}.Debug|Any CPU.ActiveCfg = Debug|Any CPU
		{3CB2B559-8736-432B-A4D3-EB92E2A5DA28}.Debug|Any CPU.Build.0 = Debug|Any CPU
		{3CB2B559-8736-432B-A4D3-EB92E2A5DA28}.Release|Any CPU.ActiveCfg = Release|Any CPU
		{3CB2B559-8736-432B-A4D3-EB92E2A5DA28}.Release|Any CPU.Build.0 = Release|Any CPU
	EndGlobalSection
	GlobalSection(SolutionProperties) = preSolution
		HideSolutionNode = FALSE
	EndGlobalSection
	GlobalSection(ExtensibilityGlobals) = postSolution
		SolutionGuid = {B1B2AB6B-0634-4221-B6F2-82160E207498}
	EndGlobalSection
EndGlobal
