
Microsoft Visual Studio Solution File, Format Version 12.00
# Visual Studio Version 17
VisualStudioVersion = 17.2.32519.379
MinimumVisualStudioVersion = 10.0.40219.1
Project("{9A19103F-16F7-4668-BE54-9A1E7A4F7556}") = "scrambled app final", "scrambled game\scrambled app final.csproj", "{032D8579-24DB-4042-A750-A2F6E6943E43}"
EndProject
Global
	GlobalSection(SolutionConfigurationPlatforms) = preSolution
		Debug|Any CPU = Debug|Any CPU
		Release|Any CPU = Release|Any CPU
	EndGlobalSection
	GlobalSection(ProjectConfigurationPlatforms) = postSolution
		{032D8579-24DB-4042-A750-A2F6E6943E43}.Debug|Any CPU.ActiveCfg = Debug|Any CPU
		{032D8579-24DB-4042-A750-A2F6E6943E43}.Debug|Any CPU.Build.0 = Debug|Any CPU
		{032D8579-24DB-4042-A750-A2F6E6943E43}.Release|Any CPU.ActiveCfg = Release|Any CPU
		{032D8579-24DB-4042-A750-A2F6E6943E43}.Release|Any CPU.Build.0 = Release|Any CPU
	EndGlobalSection
	GlobalSection(SolutionProperties) = preSolution
		HideSolutionNode = FALSE
	EndGlobalSection
	GlobalSection(ExtensibilityGlobals) = postSolution
		SolutionGuid = {D8E7CFF2-F63F-4EF1-A23D-B4EB9437AC64}
	EndGlobalSection
EndGlobal
