
Microsoft Visual Studio Solution File, Format Version 12.00
# Visual Studio Version 17
VisualStudioVersion = 17.2.32519.379
MinimumVisualStudioVersion = 10.0.40219.1
Project("{FAE04EC0-301F-11D3-BF4B-00C04F79EFBC}") = "Quiz project", "Quiz project\Quiz project.csproj", "{A6E88943-81C2-4075-9BAF-FFA8D1E7070D}"
EndProject
Global
	GlobalSection(SolutionConfigurationPlatforms) = preSolution
		Debug|Any CPU = Debug|Any CPU
		Release|Any CPU = Release|Any CPU
	EndGlobalSection
	GlobalSection(ProjectConfigurationPlatforms) = postSolution
		{A6E88943-81C2-4075-9BAF-FFA8D1E7070D}.Debug|Any CPU.ActiveCfg = Debug|Any CPU
		{A6E88943-81C2-4075-9BAF-FFA8D1E7070D}.Debug|Any CPU.Build.0 = Debug|Any CPU
		{A6E88943-81C2-4075-9BAF-FFA8D1E7070D}.Release|Any CPU.ActiveCfg = Release|Any CPU
		{A6E88943-81C2-4075-9BAF-FFA8D1E7070D}.Release|Any CPU.Build.0 = Release|Any CPU
	EndGlobalSection
	GlobalSection(SolutionProperties) = preSolution
		HideSolutionNode = FALSE
	EndGlobalSection
	GlobalSection(ExtensibilityGlobals) = postSolution
		SolutionGuid = {B853FA7A-706F-4324-9A8D-08D885BFBAB1}
	EndGlobalSection
EndGlobal
