
Microsoft Visual Studio Solution File, Format Version 12.00
# Visual Studio Version 17
VisualStudioVersion = 17.2.32519.379
MinimumVisualStudioVersion = 10.0.40219.1
Project("{FAE04EC0-301F-11D3-BF4B-00C04F79EFBC}") = "ConsoleApp1", "ConsoleApp1\ConsoleApp1.csproj", "{6035A5A4-F9C0-4EB1-9FCE-A693B377355B}"
EndProject
Global
	GlobalSection(SolutionConfigurationPlatforms) = preSolution
		Debug|Any CPU = Debug|Any CPU
		Release|Any CPU = Release|Any CPU
	EndGlobalSection
	GlobalSection(ProjectConfigurationPlatforms) = postSolution
		{6035A5A4-F9C0-4EB1-9FCE-A693B377355B}.Debug|Any CPU.ActiveCfg = Debug|Any CPU
		{6035A5A4-F9C0-4EB1-9FCE-A693B377355B}.Debug|Any CPU.Build.0 = Debug|Any CPU
		{6035A5A4-F9C0-4EB1-9FCE-A693B377355B}.Release|Any CPU.ActiveCfg = Release|Any CPU
		{6035A5A4-F9C0-4EB1-9FCE-A693B377355B}.Release|Any CPU.Build.0 = Release|Any CPU
	EndGlobalSection
	GlobalSection(SolutionProperties) = preSolution
		HideSolutionNode = FALSE
	EndGlobalSection
	GlobalSection(ExtensibilityGlobals) = postSolution
		SolutionGuid = {A4B18E27-E4D0-4AF1-B782-73CABF1C9DCD}
	EndGlobalSection
EndGlobal
