
Microsoft Visual Studio Solution File, Format Version 12.00
# Visual Studio Version 17
VisualStudioVersion = 17.2.32519.379
MinimumVisualStudioVersion = 10.0.40219.1
Project("{FAE04EC0-301F-11D3-BF4B-00C04F79EFBC}") = "Partition_Operations", "Partition_Operations\Partition_Operations.csproj", "{10450CDD-7E0A-4392-8E38-AAEA18C3D809}"
EndProject
Global
	GlobalSection(SolutionConfigurationPlatforms) = preSolution
		Debug|Any CPU = Debug|Any CPU
		Release|Any CPU = Release|Any CPU
	EndGlobalSection
	GlobalSection(ProjectConfigurationPlatforms) = postSolution
		{10450CDD-7E0A-4392-8E38-AAEA18C3D809}.Debug|Any CPU.ActiveCfg = Debug|Any CPU
		{10450CDD-7E0A-4392-8E38-AAEA18C3D809}.Debug|Any CPU.Build.0 = Debug|Any CPU
		{10450CDD-7E0A-4392-8E38-AAEA18C3D809}.Release|Any CPU.ActiveCfg = Release|Any CPU
		{10450CDD-7E0A-4392-8E38-AAEA18C3D809}.Release|Any CPU.Build.0 = Release|Any CPU
	EndGlobalSection
	GlobalSection(SolutionProperties) = preSolution
		HideSolutionNode = FALSE
	EndGlobalSection
	GlobalSection(ExtensibilityGlobals) = postSolution
		SolutionGuid = {0964BDD0-581B-4153-A50B-9B0FF1BD99BE}
	EndGlobalSection
EndGlobal
