
Microsoft Visual Studio Solution File, Format Version 12.00
# Visual Studio Version 17
VisualStudioVersion = 17.2.32519.379
MinimumVisualStudioVersion = 10.0.40219.1
Project("{FAE04EC0-301F-11D3-BF4B-00C04F79EFBC}") = "ConsoleUI", "ConsoleUI\ConsoleUI.csproj", "{C39A9615-E52C-42A2-BC26-0204CE0B7E38}"
EndProject
Global
	GlobalSection(SolutionConfigurationPlatforms) = preSolution
		Debug|Any CPU = Debug|Any CPU
		Release|Any CPU = Release|Any CPU
	EndGlobalSection
	GlobalSection(ProjectConfigurationPlatforms) = postSolution
		{C39A9615-E52C-42A2-BC26-0204CE0B7E38}.Debug|Any CPU.ActiveCfg = Debug|Any CPU
		{C39A9615-E52C-42A2-BC26-0204CE0B7E38}.Debug|Any CPU.Build.0 = Debug|Any CPU
		{C39A9615-E52C-42A2-BC26-0204CE0B7E38}.Release|Any CPU.ActiveCfg = Release|Any CPU
		{C39A9615-E52C-42A2-BC26-0204CE0B7E38}.Release|Any CPU.Build.0 = Release|Any CPU
	EndGlobalSection
	GlobalSection(SolutionProperties) = preSolution
		HideSolutionNode = FALSE
	EndGlobalSection
	GlobalSection(ExtensibilityGlobals) = postSolution
		SolutionGuid = {3943E86E-C039-4DA8-9B6F-9D8A22355B21}
	EndGlobalSection
EndGlobal
